<?xml version="1.0" encoding="utf-8"?>
<Project ToolsVersion="4.0" xmlns="http://schemas.microsoft.com/developer/msbuild/2003">
  <ItemGroup>
    <ClInclude Include="fmod_codec.h" />
    <ClInclude Include="fmod_common.h" />
    <ClInclude Include="fmod_dsp.h" />
    <ClInclude Include="fmod_dsp_effects.h" />
    <ClInclude Include="fmod_errors.h" />
    <ClInclude Include="fmod_output.h" />
    <ClInclude Include="fmod_studio.h" />
    <ClInclude Include="fmod_studio.hpp" />
    <ClInclude Include="fmod_studio_common.h" />
    <ClInclude Include="fmod.h" />
    <ClInclude Include="fmod.hpp" />
  </ItemGroup>
  <ItemGroup>
    <None Include="fmod_errors.cs" />
    <None Include="fmod_studio.cs" />
    <None Include=".cs" />
    <None Include="fmod.cs" />
  </ItemGroup>
</Project>